
Microsoft Visual Studio Solution File, Format Version 12.00
# Visual Studio Version 17
VisualStudioVersion = 17.11.35312.102
MinimumVisualStudioVersion = 10.0.40219.1
Project("{FAE04EC0-301F-11D3-BF4B-00C04F79EFBC}") = "PracaDomowa3", "PracaDomowa3\PracaDomowa3.csproj", "{D8DAD745-80C2-4BF2-AD5E-E1DA222F3AE9}"
EndProject
Global
	GlobalSection(SolutionConfigurationPlatforms) = preSolution
		Debug|Any CPU = Debug|Any CPU
		Release|Any CPU = Release|Any CPU
	EndGlobalSection
	GlobalSection(ProjectConfigurationPlatforms) = postSolution
		{D8DAD745-80C2-4BF2-AD5E-E1DA222F3AE9}.Debug|Any CPU.ActiveCfg = Debug|Any CPU
		{D8DAD745-80C2-4BF2-AD5E-E1DA222F3AE9}.Debug|Any CPU.Build.0 = Debug|Any CPU
		{D8DAD745-80C2-4BF2-AD5E-E1DA222F3AE9}.Release|Any CPU.ActiveCfg = Release|Any CPU
		{D8DAD745-80C2-4BF2-AD5E-E1DA222F3AE9}.Release|Any CPU.Build.0 = Release|Any CPU
	EndGlobalSection
	GlobalSection(SolutionProperties) = preSolution
		HideSolutionNode = FALSE
	EndGlobalSection
	GlobalSection(ExtensibilityGlobals) = postSolution
		SolutionGuid = {8A8EC87B-9938-4598-B6FB-33C8A86C3AC0}
	EndGlobalSection
EndGlobal
